
Microsoft Visual Studio Solution File, Format Version 12.00
# Visual Studio Version 17
VisualStudioVersion = 17.5.002.0
MinimumVisualStudioVersion = 10.0.40219.1
Project("{9A19103F-16F7-4668-BE54-9A1E7A4F7556}") = "worker", "worker\worker.csproj", "{B06E305B-4E18-4A2D-B9C3-8EBB973B093A}"
EndProject
Global
	GlobalSection(SolutionConfigurationPlatforms) = preSolution
		Debug|Any CPU = Debug|Any CPU
		Release|Any CPU = Release|Any CPU
	EndGlobalSection
	GlobalSection(ProjectConfigurationPlatforms) = postSolution
		{B06E305B-4E18-4A2D-B9C3-8EBB973B093A}.Debug|Any CPU.ActiveCfg = Debug|Any CPU
		{B06E305B-4E18-4A2D-B9C3-8EBB973B093A}.Debug|Any CPU.Build.0 = Debug|Any CPU
		{B06E305B-4E18-4A2D-B9C3-8EBB973B093A}.Release|Any CPU.ActiveCfg = Release|Any CPU
		{B06E305B-4E18-4A2D-B9C3-8EBB973B093A}.Release|Any CPU.Build.0 = Release|Any CPU
	EndGlobalSection
	GlobalSection(SolutionProperties) = preSolution
		HideSolutionNode = FALSE
	EndGlobalSection
	GlobalSection(ExtensibilityGlobals) = postSolution
		SolutionGuid = {D8ABBF9E-A8B3-4549-BC41-4E386EDEECB2}
	EndGlobalSection
EndGlobal
